// !$*UTF8*$!
{
	archiveVersion = 1;
	classes = {
	};
	objectVersion = 56;
	objects = {

/* Begin PBXBuildFile section */
		5DD267422B2BBB8D00F0D5EA /* SelectTeam.swift in Sources */ = {isa = PBXBuildFile; fileRef = 5DD267412B2BBB8D00F0D5EA /* SelectTeam.swift */; };
		5DD267442B2BBC2300F0D5EA /* LeagueTable.swift in Sources */ = {isa = PBXBuildFile; fileRef = 5DD267432B2BBC2300F0D5EA /* LeagueTable.swift */; };
		5DD267462B2BBC4600F0D5EA /* Settings.swift in Sources */ = {isa = PBXBuildFile; fileRef = 5DD267452B2BBC4600F0D5EA /* Settings.swift */; };
		5DD9DAEC2B2B346200F22245 /* fantasy_team_appApp.swift in Sources */ = {isa = PBXBuildFile; fileRef = 5DD9DAEB2B2B346200F22245 /* fantasy_team_appApp.swift */; };
		5DD9DAEE2B2B346200F22245 /* ContentView.swift in Sources */ = {isa = PBXBuildFile; fileRef = 5DD9DAED2B2B346200F22245 /* ContentView.swift */; };
		5DD9DAF02B2B346300F22245 /* Assets.xcassets in Resources */ = {isa = PBXBuildFile; fileRef = 5DD9DAEF2B2B346300F22245 /* Assets.xcassets */; };
		5DD9DAF32B2B346300F22245 /* Preview Assets.xcassets in Resources */ = {isa = PBXBuildFile; fileRef = 5DD9DAF22B2B346300F22245 /* Preview Assets.xcassets */; };
		5DD9DAFD2B2B346300F22245 /* fantasy_team_appTests.swift in Sources */ = {isa = PBXBuildFile; fileRef = 5DD9DAFC2B2B346300F22245 /* fantasy_team_appTests.swift */; };
		5DD9DB072B2B346300F22245 /* fantasy_team_appUITests.swift in Sources */ = {isa = PBXBuildFile; fileRef = 5DD9DB062B2B346300F22245 /* fantasy_team_appUITests.swift */; };
		5DD9DB092B2B346300F22245 /* fantasy_team_appUITestsLaunchTests.swift in Sources */ = {isa = PBXBuildFile; fileRef = 5DD9DB082B2B346300F22245 /* fantasy_team_appUITestsLaunchTests.swift */; };
/* End PBXBuildFile section */

/* Begin PBXContainerItemProxy section */
		5DD9DAF92B2B346300F22245 /* PBXContainerItemProxy */ = {
			isa = PBXContainerItemProxy;
			containerPortal = 5DD9DAE02B2B346200F22245 /* Project object */;
			proxyType = 1;
			remoteGlobalIDString = 5DD9DAE72B2B346200F22245;
			remoteInfo = "fantasy-team-app";
		};
		5DD9DB032B2B346300F22245 /* PBXContainerItemProxy */ = {
			isa = PBXContainerItemProxy;
			containerPortal = 5DD9DAE02B2B346200F22245 /* Project object */;
			proxyType = 1;
			remoteGlobalIDString = 5DD9DAE72B2B346200F22245;
			remoteInfo = "fantasy-team-app";
		};
/* End PBXContainerItemProxy section */

/* Begin PBXFileReference section */
		5DD267412B2BBB8D00F0D5EA /* SelectTeam.swift */ = {isa = PBXFileReference; lastKnownFileType = sourcecode.swift; path = SelectTeam.swift; sourceTree = "<group>"; };
		5DD267432B2BBC2300F0D5EA /* LeagueTable.swift */ = {isa = PBXFileReference; lastKnownFileType = sourcecode.swift; path = LeagueTable.swift; sourceTree = "<group>"; };
		5DD267452B2BBC4600F0D5EA /* Settings.swift */ = {isa = PBXFileReference; lastKnownFileType = sourcecode.swift; path = Settings.swift; sourceTree = "<group>"; };
		5DD9DAE82B2B346200F22245 /* fantasy-team-app.app */ = {isa = PBXFileReference; explicitFileType = wrapper.application; includeInIndex = 0; path = "fantasy-team-app.app"; sourceTree = BUILT_PRODUCTS_DIR; };
		5DD9DAEB2B2B346200F22245 /* fantasy_team_appApp.swift */ = {isa = PBXFileReference; lastKnownFileType = sourcecode.swift; path = fantasy_team_appApp.swift; sourceTree = "<group>"; };
		5DD9DAED2B2B346200F22245 /* ContentView.swift */ = {isa = PBXFileReference; lastKnownFileType = sourcecode.swift; path = ContentView.swift; sourceTree = "<group>"; };
		5DD9DAEF2B2B346300F22245 /* Assets.xcassets */ = {isa = PBXFileReference; lastKnownFileType = folder.assetcatalog; path = Assets.xcassets; sourceTree = "<group>"; };
		5DD9DAF22B2B346300F22245 /* Preview Assets.xcassets */ = {isa = PBXFileReference; lastKnownFileType = folder.assetcatalog; path = "Preview Assets.xcassets"; sourceTree = "<group>"; };
		5DD9DAF82B2B346300F22245 /* fantasy-team-appTests.xctest */ = {isa = PBXFileReference; explicitFileType = wrapper.cfbundle; includeInIndex = 0; path = "fantasy-team-appTests.xctest"; sourceTree = BUILT_PRODUCTS_DIR; };
		5DD9DAFC2B2B346300F22245 /* fantasy_team_appTests.swift */ = {isa = PBXFileReference; lastKnownFileType = sourcecode.swift; path = fantasy_team_appTests.swift; sourceTree = "<group>"; };
		5DD9DB022B2B346300F22245 /* fantasy-team-appUITests.xctest */ = {isa = PBXFileReference; explicitFileType = wrapper.cfbundle; includeInIndex = 0; path = "fantasy-team-appUITests.xctest"; sourceTree = BUILT_PRODUCTS_DIR; };
		5DD9DB062B2B346300F22245 /* fantasy_team_appUITests.swift */ = {isa = PBXFileReference; lastKnownFileType = sourcecode.swift; path = fantasy_team_appUITests.swift; sourceTree = "<group>"; };
		5DD9DB082B2B346300F22245 /* fantasy_team_appUITestsLaunchTests.swift */ = {isa = PBXFileReference; lastKnownFileType = sourcecode.swift; path = fantasy_team_appUITestsLaunchTests.swift; sourceTree = "<group>"; };
/* End PBXFileReference section */

/* Begin PBXFrameworksBuildPhase section */
		5DD9DAE52B2B346200F22245 /* Frameworks */ = {
			isa = PBXFrameworksBuildPhase;
			buildActionMask = 2147483647;
			files = (
			);
			runOnlyForDeploymentPostprocessing = 0;
		};
		5DD9DAF52B2B346300F22245 /* Frameworks */ = {
			isa = PBXFrameworksBuildPhase;
			buildActionMask = 2147483647;
			files = (
			);
			runOnlyForDeploymentPostprocessing = 0;
		};
		5DD9DAFF2B2B346300F22245 /* Frameworks */ = {
			isa = PBXFrameworksBuildPhase;
			buildActionMask = 2147483647;
			files = (
			);
			runOnlyForDeploymentPostprocessing = 0;
		};
/* End PBXFrameworksBuildPhase section */

/* Begin PBXGroup section */
		5DD2673A2B2BBAD700F0D5EA /* views */ = {
			isa = PBXGroup;
			children = (
				5DD267412B2BBB8D00F0D5EA /* SelectTeam.swift */,
				5DD267432B2BBC2300F0D5EA /* LeagueTable.swift */,
				5DD267452B2BBC4600F0D5EA /* Settings.swift */,
			);
			path = views;
			sourceTree = "<group>";
		};
		5DD9DADF2B2B346200F22245 = {
			isa = PBXGroup;
			children = (
				5DD9DAEA2B2B346200F22245 /* fantasy-team-app */,
				5DD9DAFB2B2B346300F22245 /* fantasy-team-appTests */,
				5DD9DB052B2B346300F22245 /* fantasy-team-appUITests */,
				5DD9DAE92B2B346200F22245 /* Products */,
			);
			sourceTree = "<group>";
		};
		5DD9DAE92B2B346200F22245 /* Products */ = {
			isa = PBXGroup;
			children = (
				5DD9DAE82B2B346200F22245 /* fantasy-team-app.app */,
				5DD9DAF82B2B346300F22245 /* fantasy-team-appTests.xctest */,
				5DD9DB022B2B346300F22245 /* fantasy-team-appUITests.xctest */,
			);
			name = Products;
			sourceTree = "<group>";
		};
		5DD9DAEA2B2B346200F22245 /* fantasy-team-app */ = {
			isa = PBXGroup;
			children = (
				5DD9DAEB2B2B346200F22245 /* fantasy_team_appApp.swift */,
				5DD9DAED2B2B346200F22245 /* ContentView.swift */,
				5DD2673A2B2BBAD700F0D5EA /* views */,
				5DD9DAEF2B2B346300F22245 /* Assets.xcassets */,
				5DD9DAF12B2B346300F22245 /* Preview Content */,
			);
			path = "fantasy-team-app";
			sourceTree = "<group>";
		};
		5DD9DAF12B2B346300F22245 /* Preview Content */ = {
			isa = PBXGroup;
			children = (
				5DD9DAF22B2B346300F22245 /* Preview Assets.xcassets */,
			);
			path = "Preview Content";
			sourceTree = "<group>";
		};
		5DD9DAFB2B2B346300F22245 /* fantasy-team-appTests */ = {
			isa = PBXGroup;
			children = (
				5DD9DAFC2B2B346300F22245 /* fantasy_team_appTests.swift */,
			);
			path = "fantasy-team-appTests";
			sourceTree = "<group>";
		};
		5DD9DB052B2B346300F22245 /* fantasy-team-appUITests */ = {
			isa = PBXGroup;
			children = (
				5DD9DB062B2B346300F22245 /* fantasy_team_appUITests.swift */,
				5DD9DB082B2B346300F22245 /* fantasy_team_appUITestsLaunchTests.swift */,
			);
			path = "fantasy-team-appUITests";
			sourceTree = "<group>";
		};
/* End PBXGroup section */

/* Begin PBXNativeTarget section */
		5DD9DAE72B2B346200F22245 /* fantasy-team-app */ = {
			isa = PBXNativeTarget;
			buildConfigurationList = 5DD9DB0C2B2B346300F22245 /* Build configuration list for PBXNativeTarget "fantasy-team-app" */;
			buildPhases = (
				5DD9DAE42B2B346200F22245 /* Sources */,
				5DD9DAE52B2B346200F22245 /* Frameworks */,
				5DD9DAE62B2B346200F22245 /* Resources */,
			);
			buildRules = (
			);
			dependencies = (
			);
			name = "fantasy-team-app";
			productName = "fantasy-team-app";
			productReference = 5DD9DAE82B2B346200F22245 /* fantasy-team-app.app */;
			productType = "com.apple.product-type.application";
		};
		5DD9DAF72B2B346300F22245 /* fantasy-team-appTests */ = {
			isa = PBXNativeTarget;
			buildConfigurationList = 5DD9DB0F2B2B346300F22245 /* Build configuration list for PBXNativeTarget "fantasy-team-appTests" */;
			buildPhases = (
				5DD9DAF42B2B346300F22245 /* Sources */,
				5DD9DAF52B2B346300F22245 /* Frameworks */,
				5DD9DAF62B2B346300F22245 /* Resources */,
			);
			buildRules = (
			);
			dependencies = (
				5DD9DAFA2B2B346300F22245 /* PBXTargetDependency */,
			);
			name = "fantasy-team-appTests";
			productName = "fantasy-team-appTests";
			productReference = 5DD9DAF82B2B346300F22245 /* fantasy-team-appTests.xctest */;
			productType = "com.apple.product-type.bundle.unit-test";
		};
		5DD9DB012B2B346300F22245 /* fantasy-team-appUITests */ = {
			isa = PBXNativeTarget;
			buildConfigurationList = 5DD9DB122B2B346300F22245 /* Build configuration list for PBXNativeTarget "fantasy-team-appUITests" */;
			buildPhases = (
				5DD9DAFE2B2B346300F22245 /* Sources */,
				5DD9DAFF2B2B346300F22245 /* Frameworks */,
				5DD9DB002B2B346300F22245 /* Resources */,
			);
			buildRules = (
			);
			dependencies = (
				5DD9DB042B2B346300F22245 /* PBXTargetDependency */,
			);
			name = "fantasy-team-appUITests";
			productName = "fantasy-team-appUITests";
			productReference = 5DD9DB022B2B346300F22245 /* fantasy-team-appUITests.xctest */;
			productType = "com.apple.product-type.bundle.ui-testing";
		};
/* End PBXNativeTarget section */

/* Begin PBXProject section */
		5DD9DAE02B2B346200F22245 /* Project object */ = {
			isa = PBXProject;
			attributes = {
				BuildIndependentTargetsInParallel = 1;
				LastSwiftUpdateCheck = 1510;
				LastUpgradeCheck = 1510;
				TargetAttributes = {
					5DD9DAE72B2B346200F22245 = {
						CreatedOnToolsVersion = 15.1;
					};
					5DD9DAF72B2B346300F22245 = {
						CreatedOnToolsVersion = 15.1;
						TestTargetID = 5DD9DAE72B2B346200F22245;
					};
					5DD9DB012B2B346300F22245 = {
						CreatedOnToolsVersion = 15.1;
						TestTargetID = 5DD9DAE72B2B346200F22245;
					};
				};
			};
			buildConfigurationList = 5DD9DAE32B2B346200F22245 /* Build configuration list for PBXProject "fantasy-team-app" */;
			compatibilityVersion = "Xcode 14.0";
			developmentRegion = en;
			hasScannedForEncodings = 0;
			knownRegions = (
				en,
				Base,
			);
			mainGroup = 5DD9DADF2B2B346200F22245;
			productRefGroup = 5DD9DAE92B2B346200F22245 /* Products */;
			projectDirPath = "";
			projectRoot = "";
			targets = (
				5DD9DAE72B2B346200F22245 /* fantasy-team-app */,
				5DD9DAF72B2B346300F22245 /* fantasy-team-appTests */,
				5DD9DB012B2B346300F22245 /* fantasy-team-appUITests */,
			);
		};
/* End PBXProject section */

/* Begin PBXResourcesBuildPhase section */
		5DD9DAE62B2B346200F22245 /* Resources */ = {
			isa = PBXResourcesBuildPhase;
			buildActionMask = 2147483647;
			files = (
				5DD9DAF32B2B346300F22245 /* Preview Assets.xcassets in Resources */,
				5DD9DAF02B2B346300F22245 /* Assets.xcassets in Resources */,
			);
			runOnlyForDeploymentPostprocessing = 0;
		};
		5DD9DAF62B2B346300F22245 /* Resources */ = {
			isa = PBXResourcesBuildPhase;
			buildActionMask = 2147483647;
			files = (
			);
			runOnlyForDeploymentPostprocessing = 0;
		};
		5DD9DB002B2B346300F22245 /* Resources */ = {
			isa = PBXResourcesBuildPhase;
			buildActionMask = 2147483647;
			files = (
			);
			runOnlyForDeploymentPostprocessing = 0;
		};
/* End PBXResourcesBuildPhase section */

/* Begin PBXSourcesBuildPhase section */
		5DD9DAE42B2B346200F22245 /* Sources */ = {
			isa = PBXSourcesBuildPhase;
			buildActionMask = 2147483647;
			files = (
				5DD9DAEE2B2B346200F22245 /* ContentView.swift in Sources */,
				5DD267422B2BBB8D00F0D5EA /* SelectTeam.swift in Sources */,
				5DD9DAEC2B2B346200F22245 /* fantasy_team_appApp.swift in Sources */,
				5DD267442B2BBC2300F0D5EA /* LeagueTable.swift in Sources */,
				5DD267462B2BBC4600F0D5EA /* Settings.swift in Sources */,
			);
			runOnlyForDeploymentPostprocessing = 0;
		};
		5DD9DAF42B2B346300F22245 /* Sources */ = {
			isa = PBXSourcesBuildPhase;
			buildActionMask = 2147483647;
			files = (
				5DD9DAFD2B2B346300F22245 /* fantasy_team_appTests.swift in Sources */,
			);
			runOnlyForDeploymentPostprocessing = 0;
		};
		5DD9DAFE2B2B346300F22245 /* Sources */ = {
			isa = PBXSourcesBuildPhase;
			buildActionMask = 2147483647;
			files = (
				5DD9DB092B2B346300F22245 /* fantasy_team_appUITestsLaunchTests.swift in Sources */,
				5DD9DB072B2B346300F22245 /* fantasy_team_appUITests.swift in Sources */,
			);
			runOnlyForDeploymentPostprocessing = 0;
		};
/* End PBXSourcesBuildPhase section */

/* Begin PBXTargetDependency section */
		5DD9DAFA2B2B346300F22245 /* PBXTargetDependency */ = {
			isa = PBXTargetDependency;
			target = 5DD9DAE72B2B346200F22245 /* fantasy-team-app */;
			targetProxy = 5DD9DAF92B2B346300F22245 /* PBXContainerItemProxy */;
		};
		5DD9DB042B2B346300F22245 /* PBXTargetDependency */ = {
			isa = PBXTargetDependency;
			target = 5DD9DAE72B2B346200F22245 /* fantasy-team-app */;
			targetProxy = 5DD9DB032B2B346300F22245 /* PBXContainerItemProxy */;
		};
/* End PBXTargetDependency section */

/* Begin XCBuildConfiguration section */
		5DD9DB0A2B2B346300F22245 /* Debug */ = {
			isa = XCBuildConfiguration;
			buildSettings = {
				ALWAYS_SEARCH_USER_PATHS = NO;
				ASSETCATALOG_COMPILER_GENERATE_SWIFT_ASSET_SYMBOL_EXTENSIONS = YES;
				CLANG_ANALYZER_NONNULL = YES;
				CLANG_ANALYZER_NUMBER_OBJECT_CONVERSION = YES_AGGRESSIVE;
				CLANG_CXX_LANGUAGE_STANDARD = "gnu++20";
				CLANG_ENABLE_MODULES = YES;
				CLANG_ENABLE_OBJC_ARC = YES;
				CLANG_ENABLE_OBJC_WEAK = YES;
				CLANG_WARN_BLOCK_CAPTURE_AUTORELEASING = YES;
				CLANG_WARN_BOOL_CONVERSION = YES;
				CLANG_WARN_COMMA = YES;
				CLANG_WARN_CONSTANT_CONVERSION = YES;
				CLANG_WARN_DEPRECATED_OBJC_IMPLEMENTATIONS = YES;
				CLANG_WARN_DIRECT_OBJC_ISA_USAGE = YES_ERROR;
				CLANG_WARN_DOCUMENTATION_COMMENTS = YES;
				CLANG_WARN_EMPTY_BODY = YES;
				CLANG_WARN_ENUM_CONVERSION = YES;
				CLANG_WARN_INFINITE_RECURSION = YES;
				CLANG_WARN_INT_CONVERSION = YES;
				CLANG_WARN_NON_LITERAL_NULL_CONVERSION = YES;
				CLANG_WARN_OBJC_IMPLICIT_RETAIN_SELF = YES;
				CLANG_WARN_OBJC_LITERAL_CONVERSION = YES;
				CLANG_WARN_OBJC_ROOT_CLASS = YES_ERROR;
				CLANG_WARN_QUOTED_INCLUDE_IN_FRAMEWORK_HEADER = YES;
				CLANG_WARN_RANGE_LOOP_ANALYSIS = YES;
				CLANG_WARN_STRICT_PROTOTYPES = YES;
				CLANG_WARN_SUSPICIOUS_MOVE = YES;
				CLANG_WARN_UNGUARDED_AVAILABILITY = YES_AGGRESSIVE;
				CLANG_WARN_UNREACHABLE_CODE = YES;
				CLANG_WARN__DUPLICATE_METHOD_MATCH = YES;
				COPY_PHASE_STRIP = NO;
				DEBUG_INFORMATION_FORMAT = dwarf;
				ENABLE_STRICT_OBJC_MSGSEND = YES;
				ENABLE_TESTABILITY = YES;
				ENABLE_USER_SCRIPT_SANDBOXING = YES;
				GCC_C_LANGUAGE_STANDARD = gnu17;
				GCC_DYNAMIC_NO_PIC = NO;
				GCC_NO_COMMON_BLOCKS = YES;
				GCC_OPTIMIZATION_LEVEL = 0;
				GCC_PREPROCESSOR_DEFINITIONS = (
					"DEBUG=1",
					"$(inherited)",
				);
				GCC_WARN_64_TO_32_BIT_CONVERSION = YES;
				GCC_WARN_ABOUT_RETURN_TYPE = YES_ERROR;
				GCC_WARN_UNDECLARED_SELECTOR = YES;
				GCC_WARN_UNINITIALIZED_AUTOS = YES_AGGRESSIVE;
				GCC_WARN_UNUSED_FUNCTION = YES;
				GCC_WARN_UNUSED_VARIABLE = YES;
				IPHONEOS_DEPLOYMENT_TARGET = 17.2;
				LOCALIZATION_PREFERS_STRING_CATALOGS = YES;
				MTL_ENABLE_DEBUG_INFO = INCLUDE_SOURCE;
				MTL_FAST_MATH = YES;
				ONLY_ACTIVE_ARCH = YES;
				SDKROOT = iphoneos;
				SWIFT_ACTIVE_COMPILATION_CONDITIONS = "DEBUG $(inherited)";
				SWIFT_OPTIMIZATION_LEVEL = "-Onone";
			};
			name = Debug;
		};
		5DD9DB0B2B2B346300F22245 /* Release */ = {
			isa = XCBuildConfiguration;
			buildSettings = {
				ALWAYS_SEARCH_USER_PATHS = NO;
				ASSETCATALOG_COMPILER_GENERATE_SWIFT_ASSET_SYMBOL_EXTENSIONS = YES;
				CLANG_ANALYZER_NONNULL = YES;
				CLANG_ANALYZER_NUMBER_OBJECT_CONVERSION = YES_AGGRESSIVE;
				CLANG_CXX_LANGUAGE_STANDARD = "gnu++20";
				CLANG_ENABLE_MODULES = YES;
				CLANG_ENABLE_OBJC_ARC = YES;
				CLANG_ENABLE_OBJC_WEAK = YES;
				CLANG_WARN_BLOCK_CAPTURE_AUTORELEASING = YES;
				CLANG_WARN_BOOL_CONVERSION = YES;
				CLANG_WARN_COMMA = YES;
				CLANG_WARN_CONSTANT_CONVERSION = YES;
				CLANG_WARN_DEPRECATED_OBJC_IMPLEMENTATIONS = YES;
				CLANG_WARN_DIRECT_OBJC_ISA_USAGE = YES_ERROR;
				CLANG_WARN_DOCUMENTATION_COMMENTS = YES;
				CLANG_WARN_EMPTY_BODY = YES;
				CLANG_WARN_ENUM_CONVERSION = YES;
				CLANG_WARN_INFINITE_RECURSION = YES;
				CLANG_WARN_INT_CONVERSION = YES;
				CLANG_WARN_NON_LITERAL_NULL_CONVERSION = YES;
				CLANG_WARN_OBJC_IMPLICIT_RETAIN_SELF = YES;
				CLANG_WARN_OBJC_LITERAL_CONVERSION = YES;
				CLANG_WARN_OBJC_ROOT_CLASS = YES_ERROR;
				CLANG_WARN_QUOTED_INCLUDE_IN_FRAMEWORK_HEADER = YES;
				CLANG_WARN_RANGE_LOOP_ANALYSIS = YES;
				CLANG_WARN_STRICT_PROTOTYPES = YES;
				CLANG_WARN_SUSPICIOUS_MOVE = YES;
				CLANG_WARN_UNGUARDED_AVAILABILITY = YES_AGGRESSIVE;
				CLANG_WARN_UNREACHABLE_CODE = YES;
				CLANG_WARN__DUPLICATE_METHOD_MATCH = YES;
				COPY_PHASE_STRIP = NO;
				DEBUG_INFORMATION_FORMAT = "dwarf-with-dsym";
				ENABLE_NS_ASSERTIONS = NO;
				ENABLE_STRICT_OBJC_MSGSEND = YES;
				ENABLE_USER_SCRIPT_SANDBOXING = YES;
				GCC_C_LANGUAGE_STANDARD = gnu17;
				GCC_NO_COMMON_BLOCKS = YES;
				GCC_WARN_64_TO_32_BIT_CONVERSION = YES;
				GCC_WARN_ABOUT_RETURN_TYPE = YES_ERROR;
				GCC_WARN_UNDECLARED_SELECTOR = YES;
				GCC_WARN_UNINITIALIZED_AUTOS = YES_AGGRESSIVE;
				GCC_WARN_UNUSED_FUNCTION = YES;
				GCC_WARN_UNUSED_VARIABLE = YES;
				IPHONEOS_DEPLOYMENT_TARGET = 17.2;
				LOCALIZATION_PREFERS_STRING_CATALOGS = YES;
				MTL_ENABLE_DEBUG_INFO = NO;
				MTL_FAST_MATH = YES;
				SDKROOT = iphoneos;
				SWIFT_COMPILATION_MODE = wholemodule;
				VALIDATE_PRODUCT = YES;
			};
			name = Release;
		};
		5DD9DB0D2B2B346300F22245 /* Debug */ = {
			isa = XCBuildConfiguration;
			buildSettings = {
				ASSETCATALOG_COMPILER_APPICON_NAME = AppIcon;
				ASSETCATALOG_COMPILER_GLOBAL_ACCENT_COLOR_NAME = AccentColor;
				CODE_SIGN_STYLE = Automatic;
				CURRENT_PROJECT_VERSION = 1;
				DEVELOPMENT_ASSET_PATHS = "\"fantasy-team-app/Preview Content\"";
				ENABLE_PREVIEWS = YES;
				GENERATE_INFOPLIST_FILE = YES;
				INFOPLIST_KEY_UIApplicationSceneManifest_Generation = YES;
				INFOPLIST_KEY_UIApplicationSupportsIndirectInputEvents = YES;
				INFOPLIST_KEY_UILaunchScreen_Generation = YES;
				INFOPLIST_KEY_UISupportedInterfaceOrientations_iPad = "UIInterfaceOrientationPortrait UIInterfaceOrientationPortraitUpsideDown UIInterfaceOrientationLandscapeLeft UIInterfaceOrientationLandscapeRight";
				INFOPLIST_KEY_UISupportedInterfaceOrientations_iPhone = "UIInterfaceOrientationPortrait UIInterfaceOrientationLandscapeLeft UIInterfaceOrientationLandscapeRight";
				LD_RUNPATH_SEARCH_PATHS = (
					"$(inherited)",
					"@executable_path/Frameworks",
				);
				MARKETING_VERSION = 1.0;
				PRODUCT_BUNDLE_IDENTIFIER = "samsherrington.fantasy-team-app";
				PRODUCT_NAME = "$(TARGET_NAME)";
				SWIFT_EMIT_LOC_STRINGS = YES;
				SWIFT_VERSION = 5.0;
				TARGETED_DEVICE_FAMILY = "1,2";
			};
			name = Debug;
		};
		5DD9DB0E2B2B346300F22245 /* Release */ = {
			isa = XCBuildConfiguration;
			buildSettings = {
				ASSETCATALOG_COMPILER_APPICON_NAME = AppIcon;
				ASSETCATALOG_COMPILER_GLOBAL_ACCENT_COLOR_NAME = AccentColor;
				CODE_SIGN_STYLE = Automatic;
				CURRENT_PROJECT_VERSION = 1;
				DEVELOPMENT_ASSET_PATHS = "\"fantasy-team-app/Preview Content\"";
				ENABLE_PREVIEWS = YES;
				GENERATE_INFOPLIST_FILE = YES;
				INFOPLIST_KEY_UIApplicationSceneManifest_Generation = YES;
				INFOPLIST_KEY_UIApplicationSupportsIndirectInputEvents = YES;
				INFOPLIST_KEY_UILaunchScreen_Generation = YES;
				INFOPLIST_KEY_UISupportedInterfaceOrientations_iPad = "UIInterfaceOrientationPortrait UIInterfaceOrientationPortraitUpsideDown UIInterfaceOrientationLandscapeLeft UIInterfaceOrientationLandscapeRight";
				INFOPLIST_KEY_UISupportedInterfaceOrientations_iPhone = "UIInterfaceOrientationPortrait UIInterfaceOrientationLandscapeLeft UIInterfaceOrientationLandscapeRight";
				LD_RUNPATH_SEARCH_PATHS = (
					"$(inherited)",
					"@executable_path/Frameworks",
				);
				MARKETING_VERSION = 1.0;
				PRODUCT_BUNDLE_IDENTIFIER = "samsherrington.fantasy-team-app";
				PRODUCT_NAME = "$(TARGET_NAME)";
				SWIFT_EMIT_LOC_STRINGS = YES;
				SWIFT_VERSION = 5.0;
				TARGETED_DEVICE_FAMILY = "1,2";
			};
			name = Release;
		};
		5DD9DB102B2B346300F22245 /* Debug */ = {
			isa = XCBuildConfiguration;
			buildSettings = {
				ALWAYS_EMBED_SWIFT_STANDARD_LIBRARIES = YES;
				BUNDLE_LOADER = "$(TEST_HOST)";
				CODE_SIGN_STYLE = Automatic;
				CURRENT_PROJECT_VERSION = 1;
				GENERATE_INFOPLIST_FILE = YES;
				IPHONEOS_DEPLOYMENT_TARGET = 17.2;
				MARKETING_VERSION = 1.0;
				PRODUCT_BUNDLE_IDENTIFIER = "samsherrington.fantasy-team-appTests";
				PRODUCT_NAME = "$(TARGET_NAME)";
				SWIFT_EMIT_LOC_STRINGS = NO;
				SWIFT_VERSION = 5.0;
				TARGETED_DEVICE_FAMILY = "1,2";
				TEST_HOST = "$(BUILT_PRODUCTS_DIR)/fantasy-team-app.app/$(BUNDLE_EXECUTABLE_FOLDER_PATH)/fantasy-team-app";
			};
			name = Debug;
		};
		5DD9DB112B2B346300F22245 /* Release */ = {
			isa = XCBuildConfiguration;
			buildSettings = {
				ALWAYS_EMBED_SWIFT_STANDARD_LIBRARIES = YES;
				BUNDLE_LOADER = "$(TEST_HOST)";
				CODE_SIGN_STYLE = Automatic;
				CURRENT_PROJECT_VERSION = 1;
				GENERATE_INFOPLIST_FILE = YES;
				IPHONEOS_DEPLOYMENT_TARGET = 17.2;
				MARKETING_VERSION = 1.0;
				PRODUCT_BUNDLE_IDENTIFIER = "samsherrington.fantasy-team-appTests";
				PRODUCT_NAME = "$(TARGET_NAME)";
				SWIFT_EMIT_LOC_STRINGS = NO;
				SWIFT_VERSION = 5.0;
				TARGETED_DEVICE_FAMILY = "1,2";
				TEST_HOST = "$(BUILT_PRODUCTS_DIR)/fantasy-team-app.app/$(BUNDLE_EXECUTABLE_FOLDER_PATH)/fantasy-team-app";
			};
			name = Release;
		};
		5DD9DB132B2B346300F22245 /* Debug */ = {
			isa = XCBuildConfiguration;
			buildSettings = {
				ALWAYS_EMBED_SWIFT_STANDARD_LIBRARIES = YES;
				CODE_SIGN_STYLE = Automatic;
				CURRENT_PROJECT_VERSION = 1;
				GENERATE_INFOPLIST_FILE = YES;
				MARKETING_VERSION = 1.0;
				PRODUCT_BUNDLE_IDENTIFIER = "samsherrington.fantasy-team-appUITests";
				PRODUCT_NAME = "$(TARGET_NAME)";
				SWIFT_EMIT_LOC_STRINGS = NO;
				SWIFT_VERSION = 5.0;
				TARGETED_DEVICE_FAMILY = "1,2";
				TEST_TARGET_NAME = "fantasy-team-app";
			};
			name = Debug;
		};
		5DD9DB142B2B346300F22245 /* Release */ = {
			isa = XCBuildConfiguration;
			buildSettings = {
				ALWAYS_EMBED_SWIFT_STANDARD_LIBRARIES = YES;
				CODE_SIGN_STYLE = Automatic;
				CURRENT_PROJECT_VERSION = 1;
				GENERATE_INFOPLIST_FILE = YES;
				MARKETING_VERSION = 1.0;
				PRODUCT_BUNDLE_IDENTIFIER = "samsherrington.fantasy-team-appUITests";
				PRODUCT_NAME = "$(TARGET_NAME)";
				SWIFT_EMIT_LOC_STRINGS = NO;
				SWIFT_VERSION = 5.0;
				TARGETED_DEVICE_FAMILY = "1,2";
				TEST_TARGET_NAME = "fantasy-team-app";
			};
			name = Release;
		};
/* End XCBuildConfiguration section */

/* Begin XCConfigurationList section */
		5DD9DAE32B2B346200F22245 /* Build configuration list for PBXProject "fantasy-team-app" */ = {
			isa = XCConfigurationList;
			buildConfigurations = (
				5DD9DB0A2B2B346300F22245 /* Debug */,
				5DD9DB0B2B2B346300F22245 /* Release */,
			);
			defaultConfigurationIsVisible = 0;
			defaultConfigurationName = Release;
		};
		5DD9DB0C2B2B346300F22245 /* Build configuration list for PBXNativeTarget "fantasy-team-app" */ = {
			isa = XCConfigurationList;
			buildConfigurations = (
				5DD9DB0D2B2B346300F22245 /* Debug */,
				5DD9DB0E2B2B346300F22245 /* Release */,
			);
			defaultConfigurationIsVisible = 0;
			defaultConfigurationName = Release;
		};
		5DD9DB0F2B2B346300F22245 /* Build configuration list for PBXNativeTarget "fantasy-team-appTests" */ = {
			isa = XCConfigurationList;
			buildConfigurations = (
				5DD9DB102B2B346300F22245 /* Debug */,
				5DD9DB112B2B346300F22245 /* Release */,
			);
			defaultConfigurationIsVisible = 0;
			defaultConfigurationName = Release;
		};
		5DD9DB122B2B346300F22245 /* Build configuration list for PBXNativeTarget "fantasy-team-appUITests" */ = {
			isa = XCConfigurationList;
			buildConfigurations = (
				5DD9DB132B2B346300F22245 /* Debug */,
				5DD9DB142B2B346300F22245 /* Release */,
			);
			defaultConfigurationIsVisible = 0;
			defaultConfigurationName = Release;
		};
/* End XCConfigurationList section */
	};
	rootObject = 5DD9DAE02B2B346200F22245 /* Project object */;
}
